
Microsoft Visual Studio Solution File, Format Version 12.00
# Visual Studio Version 16
VisualStudioVersion = 16.0.30406.217
MinimumVisualStudioVersion = 10.0.40219.1
Project("{9A19103F-16F7-4668-BE54-9A1E7A4F7556}") = "ConsoleUI", "ConsoleUI\ConsoleUI.csproj", "{AF4F66C7-FC04-4752-BB36-E81DB6718F3D}"
	ProjectSection(ProjectDependencies) = postProject
		{261BF419-CC64-41FE-928C-D7F3707BBB82} = {261BF419-CC64-41FE-928C-D7F3707BBB82}
	EndProjectSection
EndProject
Project("{9A19103F-16F7-4668-BE54-9A1E7A4F7556}") = "ProjectLibrary", "ProjectLibrary\ProjectLibrary.csproj", "{261BF419-CC64-41FE-928C-D7F3707BBB82}"
EndProject
Global
	GlobalSection(SolutionConfigurationPlatforms) = preSolution
		Debug|Any CPU = Debug|Any CPU
		Release|Any CPU = Release|Any CPU
	EndGlobalSection
	GlobalSection(ProjectConfigurationPlatforms) = postSolution
		{AF4F66C7-FC04-4752-BB36-E81DB6718F3D}.Debug|Any CPU.ActiveCfg = Debug|Any CPU
		{AF4F66C7-FC04-4752-BB36-E81DB6718F3D}.Debug|Any CPU.Build.0 = Debug|Any CPU
		{AF4F66C7-FC04-4752-BB36-E81DB6718F3D}.Release|Any CPU.ActiveCfg = Release|Any CPU
		{AF4F66C7-FC04-4752-BB36-E81DB6718F3D}.Release|Any CPU.Build.0 = Release|Any CPU
		{261BF419-CC64-41FE-928C-D7F3707BBB82}.Debug|Any CPU.ActiveCfg = Debug|Any CPU
		{261BF419-CC64-41FE-928C-D7F3707BBB82}.Debug|Any CPU.Build.0 = Debug|Any CPU
		{261BF419-CC64-41FE-928C-D7F3707BBB82}.Release|Any CPU.ActiveCfg = Release|Any CPU
		{261BF419-CC64-41FE-928C-D7F3707BBB82}.Release|Any CPU.Build.0 = Release|Any CPU
	EndGlobalSection
	GlobalSection(SolutionProperties) = preSolution
		HideSolutionNode = FALSE
	EndGlobalSection
	GlobalSection(ExtensibilityGlobals) = postSolution
		SolutionGuid = {2EE1816B-9C7E-4EA8-9552-F83D38E71472}
	EndGlobalSection
EndGlobal
